
Microsoft Visual Studio Solution File, Format Version 12.00
# Visual Studio Version 16
VisualStudioVersion = 25.0.1704.2
MinimumVisualStudioVersion = 10.0.40219.1
Project("{FAE04EC0-301F-11D3-BF4B-00C04F79EFBC}") = "DDRInventory", "DDRInventory.csproj", "{77F2944B-69C0-40EA-8727-2871E67A5C70}"
EndProject
Global
	GlobalSection(SolutionConfigurationPlatforms) = preSolution
		Debug|Any CPU = Debug|Any CPU
		Release|Any CPU = Release|Any CPU
	EndGlobalSection
	GlobalSection(ProjectConfigurationPlatforms) = postSolution
		{77F2944B-69C0-40EA-8727-2871E67A5C70}.Debug|Any CPU.ActiveCfg = Debug|Any CPU
		{77F2944B-69C0-40EA-8727-2871E67A5C70}.Debug|Any CPU.Build.0 = Debug|Any CPU
		{77F2944B-69C0-40EA-8727-2871E67A5C70}.Release|Any CPU.ActiveCfg = Release|Any CPU
		{77F2944B-69C0-40EA-8727-2871E67A5C70}.Release|Any CPU.Build.0 = Release|Any CPU
	EndGlobalSection
	GlobalSection(SolutionProperties) = preSolution
		HideSolutionNode = FALSE
	EndGlobalSection
	GlobalSection(ExtensibilityGlobals) = postSolution
		SolutionGuid = {D265F17E-4CE6-44E4-8847-926A53EABD1C}
	EndGlobalSection
EndGlobal
